<Solution>
  <Folder Name="/src/">
    <Project Path="src/StudyTime.Domain/StudyTime.Domain.csproj" />
    <Project Path="src/StudyTime.Application/StudyTime.Application.csproj" />
  </Folder>
  <Folder Name="/tmp/">
    <Project Path="tmp/F1QuickValidation/F1QuickValidation.csproj" />
    <Project Path="tmp/F6-StudyArea-Handlers/F6-StudyArea-Handlers-Test.csproj" />
    <Project Path="tmp/F7-StudyPlan-Handlers/F7-StudyPlan-Handlers.csproj" />
    <Project Path="tmp/F8-Application-Weekly-Setup/F8A/F8A.Tests.csproj" />
    <Project Path="tmp/F8-Application-Weekly-Setup/F8B/F8B.Tests.csproj" />
  </Folder>
</Solution>
